
Microsoft Visual Studio Solution File, Format Version 12.00
# Visual Studio Version 17
VisualStudioVersion = 17.11.35327.3
MinimumVisualStudioVersion = 10.0.40219.1
Project("{FAE04EC0-301F-11D3-BF4B-00C04F79EFBC}") = "RdlcPrintMaster", "RdlcPrintMaster\RdlcPrintMaster.csproj", "{90910482-BE7B-4388-8CB8-5B3125F12A83}"
EndProject
Project("{FAE04EC0-301F-11D3-BF4B-00C04F79EFBC}") = "RdlcDesigner", "RdlcDesigner\RdlcDesigner.csproj", "{1C3A8EBC-8966-448D-9AE7-FFC120BB8887}"
EndProject
Global
	GlobalSection(SolutionConfigurationPlatforms) = preSolution
		Debug|Any CPU = Debug|Any CPU
		Release|Any CPU = Release|Any CPU
	EndGlobalSection
	GlobalSection(ProjectConfigurationPlatforms) = postSolution
		{90910482-BE7B-4388-8CB8-5B3125F12A83}.Debug|Any CPU.ActiveCfg = Debug|Any CPU
		{90910482-BE7B-4388-8CB8-5B3125F12A83}.Debug|Any CPU.Build.0 = Debug|Any CPU
		{90910482-BE7B-4388-8CB8-5B3125F12A83}.Release|Any CPU.ActiveCfg = Release|Any CPU
		{90910482-BE7B-4388-8CB8-5B3125F12A83}.Release|Any CPU.Build.0 = Release|Any CPU
		{1C3A8EBC-8966-448D-9AE7-FFC120BB8887}.Debug|Any CPU.ActiveCfg = Debug|Any CPU
		{1C3A8EBC-8966-448D-9AE7-FFC120BB8887}.Debug|Any CPU.Build.0 = Debug|Any CPU
		{1C3A8EBC-8966-448D-9AE7-FFC120BB8887}.Release|Any CPU.ActiveCfg = Release|Any CPU
		{1C3A8EBC-8966-448D-9AE7-FFC120BB8887}.Release|Any CPU.Build.0 = Release|Any CPU
	EndGlobalSection
	GlobalSection(SolutionProperties) = preSolution
		HideSolutionNode = FALSE
	EndGlobalSection
	GlobalSection(ExtensibilityGlobals) = postSolution
		SolutionGuid = {A898B491-337C-47B3-84D5-78A5635999DF}
	EndGlobalSection
EndGlobal
