
Microsoft Visual Studio Solution File, Format Version 12.00
# Visual Studio Version 17
VisualStudioVersion = 17.11.35431.28
MinimumVisualStudioVersion = 10.0.40219.1
Project("{FAE04EC0-301F-11D3-BF4B-00C04F79EFBC}") = "RdlcPrintMaster", "RdlcPrintMaster.csproj", "{FA1E05CA-D780-44D4-A564-27881CE1F1D0}"
EndProject
Global
	GlobalSection(SolutionConfigurationPlatforms) = preSolution
		Debug|Any CPU = Debug|Any CPU
		Release|Any CPU = Release|Any CPU
	EndGlobalSection
	GlobalSection(ProjectConfigurationPlatforms) = postSolution
		{FA1E05CA-D780-44D4-A564-27881CE1F1D0}.Debug|Any CPU.ActiveCfg = Debug|Any CPU
		{FA1E05CA-D780-44D4-A564-27881CE1F1D0}.Debug|Any CPU.Build.0 = Debug|Any CPU
		{FA1E05CA-D780-44D4-A564-27881CE1F1D0}.Release|Any CPU.ActiveCfg = Release|Any CPU
		{FA1E05CA-D780-44D4-A564-27881CE1F1D0}.Release|Any CPU.Build.0 = Release|Any CPU
	EndGlobalSection
	GlobalSection(SolutionProperties) = preSolution
		HideSolutionNode = FALSE
	EndGlobalSection
	GlobalSection(ExtensibilityGlobals) = postSolution
		SolutionGuid = {F5B3AE48-D60D-41AC-8F19-C5A5CCC9203F}
	EndGlobalSection
EndGlobal
